
Microsoft Visual Studio Solution File, Format Version 12.00
# Visual Studio Version 17
VisualStudioVersion = 17.11.35327.3
MinimumVisualStudioVersion = 10.0.40219.1
Project("{FAE04EC0-301F-11D3-BF4B-00C04F79EFBC}") = "login me", "login me\login me.csproj", "{040CD52C-E5E7-4B85-9378-C6B83B52530D}"
EndProject
Global
	GlobalSection(SolutionConfigurationPlatforms) = preSolution
		Debug|Any CPU = Debug|Any CPU
		Release|Any CPU = Release|Any CPU
	EndGlobalSection
	GlobalSection(ProjectConfigurationPlatforms) = postSolution
		{040CD52C-E5E7-4B85-9378-C6B83B52530D}.Debug|Any CPU.ActiveCfg = Debug|Any CPU
		{040CD52C-E5E7-4B85-9378-C6B83B52530D}.Debug|Any CPU.Build.0 = Debug|Any CPU
		{040CD52C-E5E7-4B85-9378-C6B83B52530D}.Release|Any CPU.ActiveCfg = Release|Any CPU
		{040CD52C-E5E7-4B85-9378-C6B83B52530D}.Release|Any CPU.Build.0 = Release|Any CPU
	EndGlobalSection
	GlobalSection(SolutionProperties) = preSolution
		HideSolutionNode = FALSE
	EndGlobalSection
	GlobalSection(ExtensibilityGlobals) = postSolution
		SolutionGuid = {E6CB6586-08F1-46D4-A60B-C4E85B7DD9A1}
	EndGlobalSection
EndGlobal
